
Microsoft Visual Studio Solution File, Format Version 12.00
# Visual Studio 2012
Project("{FAE04EC0-301F-11D3-BF4B-00C04F79EFBC}") = "Notebook", "Notebook\Notebook.csproj", "{8C8B7EE6-234C-462D-8F45-554EB8E7A248}"
EndProject
Global
	GlobalSection(SolutionConfigurationPlatforms) = preSolution
		Debug|Any CPU = Debug|Any CPU
		Release|Any CPU = Release|Any CPU
	EndGlobalSection
	GlobalSection(ProjectConfigurationPlatforms) = postSolution
		{8C8B7EE6-234C-462D-8F45-554EB8E7A248}.Debug|Any CPU.ActiveCfg = Debug|Any CPU
		{8C8B7EE6-234C-462D-8F45-554EB8E7A248}.Debug|Any CPU.Build.0 = Debug|Any CPU
		{8C8B7EE6-234C-462D-8F45-554EB8E7A248}.Release|Any CPU.ActiveCfg = Release|Any CPU
		{8C8B7EE6-234C-462D-8F45-554EB8E7A248}.Release|Any CPU.Build.0 = Release|Any CPU
	EndGlobalSection
	GlobalSection(SolutionProperties) = preSolution
		HideSolutionNode = FALSE
	EndGlobalSection
EndGlobal
